{
  "name": "trackroom",
  "lockfileVersion": 3,
  "requires": true,
  "packages": {
    "": {
      "dependencies": {
        "ts-debounce": "^4.0.0"
      }
    },
    "node_modules/ts-debounce": {
      "version": "4.0.0",
      "resolved": "https://registry.npmjs.org/ts-debounce/-/ts-debounce-4.0.0.tgz",
      "integrity": "sha512-+1iDGY6NmOGidq7i7xZGA4cm8DAa6fqdYcvO5Z6yBevH++Bdo9Qt/mN0TzHUgcCcKv1gmh9+W5dHqz8pMWbCbg==",
      "license": "MIT"
    }
  }
}
